{
  "pins" : [
    {
      "identity" : "swift-npy",
      "kind" : "remoteSourceControl",
      "location" : "https://github.com/qoncept/swift-npy.git",
      "state" : {
        "branch" : "master",
        "revision" : "7dd42825c7756e01b98fac5decd13430efc3b355"
      }
    },
    {
      "identity" : "swiftzip",
      "kind" : "remoteSourceControl",
      "location" : "https://github.com/SwiftZip/SwiftZip.git",
      "state" : {
        "revision" : "97c2303d0fcc0bb6ae78a93ee10bdb91a1467c8f",
        "version" : "0.0.5"
      }
    }
  ],
  "version" : 2
}
